
Microsoft Visual Studio Solution File, Format Version 12.00
# Visual Studio Version 16
VisualStudioVersion = 16.0.31613.86
MinimumVisualStudioVersion = 10.0.40219.1
Project("{FAE04EC0-301F-11D3-BF4B-00C04F79EFBC}") = "SENAI_SPMEDICALGROUP_WEBAPI", "SENAI_SPMEDICALGROUP_WEBAPI\SENAI_SPMEDICALGROUP_WEBAPI.csproj", "{08A1B20E-694C-492C-88B8-340803846F6F}"
EndProject
Global
	GlobalSection(SolutionConfigurationPlatforms) = preSolution
		Debug|Any CPU = Debug|Any CPU
		Release|Any CPU = Release|Any CPU
	EndGlobalSection
	GlobalSection(ProjectConfigurationPlatforms) = postSolution
		{08A1B20E-694C-492C-88B8-340803846F6F}.Debug|Any CPU.ActiveCfg = Debug|Any CPU
		{08A1B20E-694C-492C-88B8-340803846F6F}.Debug|Any CPU.Build.0 = Debug|Any CPU
		{08A1B20E-694C-492C-88B8-340803846F6F}.Release|Any CPU.ActiveCfg = Release|Any CPU
		{08A1B20E-694C-492C-88B8-340803846F6F}.Release|Any CPU.Build.0 = Release|Any CPU
	EndGlobalSection
	GlobalSection(SolutionProperties) = preSolution
		HideSolutionNode = FALSE
	EndGlobalSection
	GlobalSection(ExtensibilityGlobals) = postSolution
		SolutionGuid = {35C7DA2D-9902-4187-824B-CE161B6C75EC}
	EndGlobalSection
EndGlobal
